
Microsoft Visual Studio Solution File, Format Version 12.00
# Visual Studio Version 17
VisualStudioVersion = 17.11.35327.3
MinimumVisualStudioVersion = 10.0.40219.1
Project("{FAE04EC0-301F-11D3-BF4B-00C04F79EFBC}") = "ReporteRangoFechas", "ReporteRangoFechas\ReporteRangoFechas.csproj", "{18EF2432-496F-4D1C-8D94-DC2B858E3CD6}"
EndProject
Project("{FAE04EC0-301F-11D3-BF4B-00C04F79EFBC}") = "Domain", "Domain\Domain.csproj", "{2A214A85-0F0B-413D-8B50-B0C01A9B5209}"
EndProject
Project("{FAE04EC0-301F-11D3-BF4B-00C04F79EFBC}") = "DataAccess", "DataAccess\DataAccess.csproj", "{1A75AE87-1BB4-4DA5-99A4-5127C9F47DAB}"
EndProject
Global
	GlobalSection(SolutionConfigurationPlatforms) = preSolution
		Debug|Any CPU = Debug|Any CPU
		Release|Any CPU = Release|Any CPU
	EndGlobalSection
	GlobalSection(ProjectConfigurationPlatforms) = postSolution
		{18EF2432-496F-4D1C-8D94-DC2B858E3CD6}.Debug|Any CPU.ActiveCfg = Debug|Any CPU
		{18EF2432-496F-4D1C-8D94-DC2B858E3CD6}.Debug|Any CPU.Build.0 = Debug|Any CPU
		{18EF2432-496F-4D1C-8D94-DC2B858E3CD6}.Release|Any CPU.ActiveCfg = Release|Any CPU
		{18EF2432-496F-4D1C-8D94-DC2B858E3CD6}.Release|Any CPU.Build.0 = Release|Any CPU
		{2A214A85-0F0B-413D-8B50-B0C01A9B5209}.Debug|Any CPU.ActiveCfg = Debug|Any CPU
		{2A214A85-0F0B-413D-8B50-B0C01A9B5209}.Debug|Any CPU.Build.0 = Debug|Any CPU
		{2A214A85-0F0B-413D-8B50-B0C01A9B5209}.Release|Any CPU.ActiveCfg = Release|Any CPU
		{2A214A85-0F0B-413D-8B50-B0C01A9B5209}.Release|Any CPU.Build.0 = Release|Any CPU
		{1A75AE87-1BB4-4DA5-99A4-5127C9F47DAB}.Debug|Any CPU.ActiveCfg = Debug|Any CPU
		{1A75AE87-1BB4-4DA5-99A4-5127C9F47DAB}.Debug|Any CPU.Build.0 = Debug|Any CPU
		{1A75AE87-1BB4-4DA5-99A4-5127C9F47DAB}.Release|Any CPU.ActiveCfg = Release|Any CPU
		{1A75AE87-1BB4-4DA5-99A4-5127C9F47DAB}.Release|Any CPU.Build.0 = Release|Any CPU
	EndGlobalSection
	GlobalSection(SolutionProperties) = preSolution
		HideSolutionNode = FALSE
	EndGlobalSection
	GlobalSection(ExtensibilityGlobals) = postSolution
		SolutionGuid = {1881C939-BC35-4BA0-A045-4608F97547D5}
	EndGlobalSection
EndGlobal
